# This file is automatically @generated by Cargo.
# It is not intended for manual editing.
version = 3

[[package]]
name = "bytecodec"
version = "0.4.15"
source = "registry+https://github.com/rust-lang/crates.io-index"
checksum = "adf4c9d0bbf32eea58d7c0f812058138ee8edaf0f2802b6d03561b504729a325"
dependencies = [
 "byteorder",
 "trackable 0.2.24",
]

[[package]]
name = "byteorder"
version = "1.4.3"
source = "registry+https://github.com/rust-lang/crates.io-index"
checksum = "14c189c53d098945499cdfa7ecc63567cf3886b3332b312a5b4585d8d3a6a610"

[[package]]
name = "extension-server"
version = "0.1.0"
dependencies = [
 "bytecodec",
 "httpcodec",
 "wasmedge_wasi_socket",
]

[[package]]
name = "httpcodec"
version = "0.2.3"
source = "registry+https://github.com/rust-lang/crates.io-index"
checksum = "9f49d64351430cabd543943b79d48aaf0bc95a41d9ccf5b8774c2cfd23422775"
dependencies = [
 "bytecodec",
 "trackable 0.2.24",
]

[[package]]
name = "libc"
version = "0.2.137"
source = "registry+https://github.com/rust-lang/crates.io-index"
checksum = "fc7fcc620a3bff7cdd7a365be3376c97191aeaccc2a603e600951e452615bf89"

[[package]]
name = "proc-macro2"
version = "1.0.47"
source = "registry+https://github.com/rust-lang/crates.io-index"
checksum = "5ea3d908b0e36316caf9e9e2c4625cdde190a7e6f440d794667ed17a1855e725"
dependencies = [
 "unicode-ident",
]

[[package]]
name = "quote"
version = "1.0.21"
source = "registry+https://github.com/rust-lang/crates.io-index"
checksum = "bbe448f377a7d6961e30f5955f9b8d106c3f5e449d493ee1b125c1d43c2b5179"
dependencies = [
 "proc-macro2",
]

[[package]]
name = "syn"
version = "1.0.104"
source = "registry+https://github.com/rust-lang/crates.io-index"
checksum = "4ae548ec36cf198c0ef7710d3c230987c2d6d7bd98ad6edc0274462724c585ce"
dependencies = [
 "proc-macro2",
 "quote",
 "unicode-ident",
]

[[package]]
name = "trackable"
version = "0.2.24"
source = "registry+https://github.com/rust-lang/crates.io-index"
checksum = "b98abb9e7300b9ac902cc04920945a874c1973e08c310627cc4458c04b70dd32"
dependencies = [
 "trackable 1.2.0",
 "trackable_derive",
]

[[package]]
name = "trackable"
version = "1.2.0"
source = "registry+https://github.com/rust-lang/crates.io-index"
checksum = "017e2a1a93718e4e8386d037cfb8add78f1d690467f4350fb582f55af1203167"
dependencies = [
 "trackable_derive",
]

[[package]]
name = "trackable_derive"
version = "1.0.0"
source = "registry+https://github.com/rust-lang/crates.io-index"
checksum = "ebeb235c5847e2f82cfe0f07eb971d1e5f6804b18dac2ae16349cc604380f82f"
dependencies = [
 "quote",
 "syn",
]

[[package]]
name = "unicode-ident"
version = "1.0.5"
source = "registry+https://github.com/rust-lang/crates.io-index"
checksum = "6ceab39d59e4c9499d4e5a8ee0e2735b891bb7308ac83dfb4e80cad195c9f6f3"

[[package]]
name = "wasmedge_wasi_socket"
version = "0.4.2"
source = "registry+https://github.com/rust-lang/crates.io-index"
checksum = "2fc4e93009d7e2c2e3d29b65d1f56ef606466673e85fe417808beca50cb608bf"
dependencies = [
 "libc",
]
